
Microsoft Visual Studio Solution File, Format Version 12.00
# Visual Studio Version 17
VisualStudioVersion = 17.9.34728.123
MinimumVisualStudioVersion = 10.0.40219.1
Project("{9A19103F-16F7-4668-BE54-9A1E7A4F7556}") = "ContactListApp.Server", "ContactListApp.Server\ContactListApp.Server.csproj", "{24365B54-C00C-44F1-8EA4-336C0F74A62C}"
EndProject
Project("{54A90642-561A-4BB1-A94E-469ADEE60C69}") = "contactlistapp.client", "contactlistapp.client\contactlistapp.client.esproj", "{407073DD-3584-47CE-B0D7-40C72258D5FD}"
EndProject
Global
	GlobalSection(SolutionConfigurationPlatforms) = preSolution
		Debug|Any CPU = Debug|Any CPU
		Release|Any CPU = Release|Any CPU
	EndGlobalSection
	GlobalSection(ProjectConfigurationPlatforms) = postSolution
		{24365B54-C00C-44F1-8EA4-336C0F74A62C}.Debug|Any CPU.ActiveCfg = Debug|Any CPU
		{24365B54-C00C-44F1-8EA4-336C0F74A62C}.Debug|Any CPU.Build.0 = Debug|Any CPU
		{24365B54-C00C-44F1-8EA4-336C0F74A62C}.Release|Any CPU.ActiveCfg = Release|Any CPU
		{24365B54-C00C-44F1-8EA4-336C0F74A62C}.Release|Any CPU.Build.0 = Release|Any CPU
		{407073DD-3584-47CE-B0D7-40C72258D5FD}.Debug|Any CPU.ActiveCfg = Debug|Any CPU
		{407073DD-3584-47CE-B0D7-40C72258D5FD}.Debug|Any CPU.Build.0 = Debug|Any CPU
		{407073DD-3584-47CE-B0D7-40C72258D5FD}.Debug|Any CPU.Deploy.0 = Debug|Any CPU
		{407073DD-3584-47CE-B0D7-40C72258D5FD}.Release|Any CPU.ActiveCfg = Release|Any CPU
		{407073DD-3584-47CE-B0D7-40C72258D5FD}.Release|Any CPU.Build.0 = Release|Any CPU
		{407073DD-3584-47CE-B0D7-40C72258D5FD}.Release|Any CPU.Deploy.0 = Release|Any CPU
	EndGlobalSection
	GlobalSection(SolutionProperties) = preSolution
		HideSolutionNode = FALSE
	EndGlobalSection
	GlobalSection(ExtensibilityGlobals) = postSolution
		SolutionGuid = {E34EF6A5-1127-4C5B-AE65-9743A4116257}
	EndGlobalSection
EndGlobal
